github.com/AnimusPEXUS/utils v0.0.0-20230722023513-9799ab409870 h1:Wvgf9JI7+7j+3fSBp8i425v0B7IsnUvoS3NeRffCAEw=
github.com/AnimusPEXUS/utils v0.0.0-20230722023513-9799ab409870/go.mod h1:76QFNTS3P6/J1JI8evXAg4x+wJDOHeXzEU5/nMCWG6I=
github.com/AnimusPEXUS/utils v0.0.0-20241025221812-cf07509df5dc h1:sqGj3mynLhCj4uOdKroLW2QbTQRdk4gGPwFANl75ilk=
github.com/AnimusPEXUS/utils v0.0.0-20241025221812-cf07509df5dc/go.mod h1:iK+Jj6a4FjV2Erod6VxlA11pUsczLG/l6NE3tdJcCuY=
